
Microsoft Visual Studio Solution File, Format Version 12.00
# Visual Studio Version 17
VisualStudioVersion = 17.4.33213.308
MinimumVisualStudioVersion = 10.0.40219.1
Project("{FAE04EC0-301F-11D3-BF4B-00C04F79EFBC}") = "WebApiPrueba", "WebApiPrueba\WebApiPrueba.csproj", "{DA538ACA-15DF-4CB1-BB31-79DF02FB1905}"
EndProject
Global
	GlobalSection(SolutionConfigurationPlatforms) = preSolution
		Debug|Any CPU = Debug|Any CPU
		Release|Any CPU = Release|Any CPU
	EndGlobalSection
	GlobalSection(ProjectConfigurationPlatforms) = postSolution
		{DA538ACA-15DF-4CB1-BB31-79DF02FB1905}.Debug|Any CPU.ActiveCfg = Debug|Any CPU
		{DA538ACA-15DF-4CB1-BB31-79DF02FB1905}.Debug|Any CPU.Build.0 = Debug|Any CPU
		{DA538ACA-15DF-4CB1-BB31-79DF02FB1905}.Release|Any CPU.ActiveCfg = Release|Any CPU
		{DA538ACA-15DF-4CB1-BB31-79DF02FB1905}.Release|Any CPU.Build.0 = Release|Any CPU
	EndGlobalSection
	GlobalSection(SolutionProperties) = preSolution
		HideSolutionNode = FALSE
	EndGlobalSection
	GlobalSection(ExtensibilityGlobals) = postSolution
		SolutionGuid = {22EEAB3E-8BE1-40C7-B73B-3934917FFDC4}
	EndGlobalSection
EndGlobal
